// !$*UTF8*$!
{
	archiveVersion = 1;
	classes = {
	};
	objectVersion = 46;
	objects = {

/* Begin PBXBuildFile section */
		D0248AD31C58902A0098FF24 /* main.m in Sources */ = {isa = PBXBuildFile; fileRef = D0248AD21C58902A0098FF24 /* main.m */; };
		D0248AD61C58902B0098FF24 /* AppDelegate.m in Sources */ = {isa = PBXBuildFile; fileRef = D0248AD51C58902B0098FF24 /* AppDelegate.m */; };
		D0248AD91C58902B0098FF24 /* ViewController.m in Sources */ = {isa = PBXBuildFile; fileRef = D0248AD81C58902B0098FF24 /* ViewController.m */; };
		D0248ADC1C58902B0098FF24 /* Main.storyboard in Resources */ = {isa = PBXBuildFile; fileRef = D0248ADA1C58902B0098FF24 /* Main.storyboard */; };
		D0248ADE1C58902B0098FF24 /* Assets.xcassets in Resources */ = {isa = PBXBuildFile; fileRef = D0248ADD1C58902B0098FF24 /* Assets.xcassets */; };
		D0248AE11C58902B0098FF24 /* LaunchScreen.storyboard in Resources */ = {isa = PBXBuildFile; fileRef = D0248ADF1C58902B0098FF24 /* LaunchScreen.storyboard */; };
		D0248AEC1C58902B0098FF24 /* UILabelTests.m in Sources */ = {isa = PBXBuildFile; fileRef = D0248AEB1C58902B0098FF24 /* UILabelTests.m */; };
		D0248AF71C58902B0098FF24 /* UILabelUITests.m in Sources */ = {isa = PBXBuildFile; fileRef = D0248AF61C58902B0098FF24 /* UILabelUITests.m */; };
		D0248B061C589E400098FF24 /* UILabel+UILabelAutoHeight.m in Sources */ = {isa = PBXBuildFile; fileRef = D0248B051C589E400098FF24 /* UILabel+UILabelAutoHeight.m */; };
/* End PBXBuildFile section */

/* Begin PBXContainerItemProxy section */
		D0248AE81C58902B0098FF24 /* PBXContainerItemProxy */ = {
			isa = PBXContainerItemProxy;
			containerPortal = D0248AC61C58902A0098FF24 /* Project object */;
			proxyType = 1;
			remoteGlobalIDString = D0248ACD1C58902A0098FF24;
			remoteInfo = UILabel;
		};
		D0248AF31C58902B0098FF24 /* PBXContainerItemProxy */ = {
			isa = PBXContainerItemProxy;
			containerPortal = D0248AC61C58902A0098FF24 /* Project object */;
			proxyType = 1;
			remoteGlobalIDString = D0248ACD1C58902A0098FF24;
			remoteInfo = UILabel;
		};
/* End PBXContainerItemProxy section */

/* Begin PBXFileReference section */
		D0248ACE1C58902A0098FF24 /* UILabel.app */ = {isa = PBXFileReference; explicitFileType = wrapper.application; includeInIndex = 0; path = UILabel.app; sourceTree = BUILT_PRODUCTS_DIR; };
		D0248AD21C58902A0098FF24 /* main.m */ = {isa = PBXFileReference; lastKnownFileType = sourcecode.c.objc; path = main.m; sourceTree = "<group>"; };
		D0248AD41C58902A0098FF24 /* AppDelegate.h */ = {isa = PBXFileReference; lastKnownFileType = sourcecode.c.h; path = AppDelegate.h; sourceTree = "<group>"; };
		D0248AD51C58902B0098FF24 /* AppDelegate.m */ = {isa = PBXFileReference; lastKnownFileType = sourcecode.c.objc; path = AppDelegate.m; sourceTree = "<group>"; };
		D0248AD71C58902B0098FF24 /* ViewController.h */ = {isa = PBXFileReference; lastKnownFileType = sourcecode.c.h; path = ViewController.h; sourceTree = "<group>"; };
		D0248AD81C58902B0098FF24 /* ViewController.m */ = {isa = PBXFileReference; lastKnownFileType = sourcecode.c.objc; path = ViewController.m; sourceTree = "<group>"; };
		D0248ADB1C58902B0098FF24 /* Base */ = {isa = PBXFileReference; lastKnownFileType = file.storyboard; name = Base; path = Base.lproj/Main.storyboard; sourceTree = "<group>"; };
		D0248ADD1C58902B0098FF24 /* Assets.xcassets */ = {isa = PBXFileReference; lastKnownFileType = folder.assetcatalog; path = Assets.xcassets; sourceTree = "<group>"; };
		D0248AE01C58902B0098FF24 /* Base */ = {isa = PBXFileReference; lastKnownFileType = file.storyboard; name = Base; path = Base.lproj/LaunchScreen.storyboard; sourceTree = "<group>"; };
		D0248AE21C58902B0098FF24 /* Info.plist */ = {isa = PBXFileReference; lastKnownFileType = text.plist.xml; path = Info.plist; sourceTree = "<group>"; };
		D0248AE71C58902B0098FF24 /* UILabelTests.xctest */ = {isa = PBXFileReference; explicitFileType = wrapper.cfbundle; includeInIndex = 0; path = UILabelTests.xctest; sourceTree = BUILT_PRODUCTS_DIR; };
		D0248AEB1C58902B0098FF24 /* UILabelTests.m */ = {isa = PBXFileReference; lastKnownFileType = sourcecode.c.objc; path = UILabelTests.m; sourceTree = "<group>"; };
		D0248AED1C58902B0098FF24 /* Info.plist */ = {isa = PBXFileReference; lastKnownFileType = text.plist.xml; path = Info.plist; sourceTree = "<group>"; };
		D0248AF21C58902B0098FF24 /* UILabelUITests.xctest */ = {isa = PBXFileReference; explicitFileType = wrapper.cfbundle; includeInIndex = 0; path = UILabelUITests.xctest; sourceTree = BUILT_PRODUCTS_DIR; };
		D0248AF61C58902B0098FF24 /* UILabelUITests.m */ = {isa = PBXFileReference; lastKnownFileType = sourcecode.c.objc; path = UILabelUITests.m; sourceTree = "<group>"; };
		D0248AF81C58902B0098FF24 /* Info.plist */ = {isa = PBXFileReference; lastKnownFileType = text.plist.xml; path = Info.plist; sourceTree = "<group>"; };
		D0248B041C589E400098FF24 /* UILabel+UILabelAutoHeight.h */ = {isa = PBXFileReference; fileEncoding = 4; lastKnownFileType = sourcecode.c.h; path = "UILabel+UILabelAutoHeight.h"; sourceTree = "<group>"; };
		D0248B051C589E400098FF24 /* UILabel+UILabelAutoHeight.m */ = {isa = PBXFileReference; fileEncoding = 4; lastKnownFileType = sourcecode.c.objc; path = "UILabel+UILabelAutoHeight.m"; sourceTree = "<group>"; };
/* End PBXFileReference section */

/* Begin PBXFrameworksBuildPhase section */
		D0248ACB1C58902A0098FF24 /* Frameworks */ = {
			isa = PBXFrameworksBuildPhase;
			buildActionMask = 2147483647;
			files = (
			);
			runOnlyForDeploymentPostprocessing = 0;
		};
		D0248AE41C58902B0098FF24 /* Frameworks */ = {
			isa = PBXFrameworksBuildPhase;
			buildActionMask = 2147483647;
			files = (
			);
			runOnlyForDeploymentPostprocessing = 0;
		};
		D0248AEF1C58902B0098FF24 /* Frameworks */ = {
			isa = PBXFrameworksBuildPhase;
			buildActionMask = 2147483647;
			files = (
			);
			runOnlyForDeploymentPostprocessing = 0;
		};
/* End PBXFrameworksBuildPhase section */

/* Begin PBXGroup section */
		D0248AC51C58902A0098FF24 = {
			isa = PBXGroup;
			children = (
				D0248AD01C58902A0098FF24 /* UILabel */,
				D0248AEA1C58902B0098FF24 /* UILabelTests */,
				D0248AF51C58902B0098FF24 /* UILabelUITests */,
				D0248ACF1C58902A0098FF24 /* Products */,
			);
			sourceTree = "<group>";
		};
		D0248ACF1C58902A0098FF24 /* Products */ = {
			isa = PBXGroup;
			children = (
				D0248ACE1C58902A0098FF24 /* UILabel.app */,
				D0248AE71C58902B0098FF24 /* UILabelTests.xctest */,
				D0248AF21C58902B0098FF24 /* UILabelUITests.xctest */,
			);
			name = Products;
			sourceTree = "<group>";
		};
		D0248AD01C58902A0098FF24 /* UILabel */ = {
			isa = PBXGroup;
			children = (
				D0248AD41C58902A0098FF24 /* AppDelegate.h */,
				D0248AD51C58902B0098FF24 /* AppDelegate.m */,
				D0248AD71C58902B0098FF24 /* ViewController.h */,
				D0248AD81C58902B0098FF24 /* ViewController.m */,
				D0248ADA1C58902B0098FF24 /* Main.storyboard */,
				D0248ADD1C58902B0098FF24 /* Assets.xcassets */,
				D0248ADF1C58902B0098FF24 /* LaunchScreen.storyboard */,
				D0248AE21C58902B0098FF24 /* Info.plist */,
				D0248AD11C58902A0098FF24 /* Supporting Files */,
				D0248B041C589E400098FF24 /* UILabel+UILabelAutoHeight.h */,
				D0248B051C589E400098FF24 /* UILabel+UILabelAutoHeight.m */,
			);
			path = UILabel;
			sourceTree = "<group>";
		};
		D0248AD11C58902A0098FF24 /* Supporting Files */ = {
			isa = PBXGroup;
			children = (
				D0248AD21C58902A0098FF24 /* main.m */,
			);
			name = "Supporting Files";
			sourceTree = "<group>";
		};
		D0248AEA1C58902B0098FF24 /* UILabelTests */ = {
			isa = PBXGroup;
			children = (
				D0248AEB1C58902B0098FF24 /* UILabelTests.m */,
				D0248AED1C58902B0098FF24 /* Info.plist */,
			);
			path = UILabelTests;
			sourceTree = "<group>";
		};
		D0248AF51C58902B0098FF24 /* UILabelUITests */ = {
			isa = PBXGroup;
			children = (
				D0248AF61C58902B0098FF24 /* UILabelUITests.m */,
				D0248AF81C58902B0098FF24 /* Info.plist */,
			);
			path = UILabelUITests;
			sourceTree = "<group>";
		};
/* End PBXGroup section */

/* Begin PBXNativeTarget section */
		D0248ACD1C58902A0098FF24 /* UILabel */ = {
			isa = PBXNativeTarget;
			buildConfigurationList = D0248AFB1C58902B0098FF24 /* Build configuration list for PBXNativeTarget "UILabel" */;
			buildPhases = (
				D0248ACA1C58902A0098FF24 /* Sources */,
				D0248ACB1C58902A0098FF24 /* Frameworks */,
				D0248ACC1C58902A0098FF24 /* Resources */,
			);
			buildRules = (
			);
			dependencies = (
			);
			name = UILabel;
			productName = UILabel;
			productReference = D0248ACE1C58902A0098FF24 /* UILabel.app */;
			productType = "com.apple.product-type.application";
		};
		D0248AE61C58902B0098FF24 /* UILabelTests */ = {
			isa = PBXNativeTarget;
			buildConfigurationList = D0248AFE1C58902B0098FF24 /* Build configuration list for PBXNativeTarget "UILabelTests" */;
			buildPhases = (
				D0248AE31C58902B0098FF24 /* Sources */,
				D0248AE41C58902B0098FF24 /* Frameworks */,
				D0248AE51C58902B0098FF24 /* Resources */,
			);
			buildRules = (
			);
			dependencies = (
				D0248AE91C58902B0098FF24 /* PBXTargetDependency */,
			);
			name = UILabelTests;
			productName = UILabelTests;
			productReference = D0248AE71C58902B0098FF24 /* UILabelTests.xctest */;
			productType = "com.apple.product-type.bundle.unit-test";
		};
		D0248AF11C58902B0098FF24 /* UILabelUITests */ = {
			isa = PBXNativeTarget;
			buildConfigurationList = D0248B011C58902B0098FF24 /* Build configuration list for PBXNativeTarget "UILabelUITests" */;
			buildPhases = (
				D0248AEE1C58902B0098FF24 /* Sources */,
				D0248AEF1C58902B0098FF24 /* Frameworks */,
				D0248AF01C58902B0098FF24 /* Resources */,
			);
			buildRules = (
			);
			dependencies = (
				D0248AF41C58902B0098FF24 /* PBXTargetDependency */,
			);
			name = UILabelUITests;
			productName = UILabelUITests;
			productReference = D0248AF21C58902B0098FF24 /* UILabelUITests.xctest */;
			productType = "com.apple.product-type.bundle.ui-testing";
		};
/* End PBXNativeTarget section */

/* Begin PBXProject section */
		D0248AC61C58902A0098FF24 /* Project object */ = {
			isa = PBXProject;
			attributes = {
				LastUpgradeCheck = 0720;
				ORGANIZATIONNAME = stu074;
				TargetAttributes = {
					D0248ACD1C58902A0098FF24 = {
						CreatedOnToolsVersion = 7.2;
					};
					D0248AE61C58902B0098FF24 = {
						CreatedOnToolsVersion = 7.2;
						TestTargetID = D0248ACD1C58902A0098FF24;
					};
					D0248AF11C58902B0098FF24 = {
						CreatedOnToolsVersion = 7.2;
						TestTargetID = D0248ACD1C58902A0098FF24;
					};
				};
			};
			buildConfigurationList = D0248AC91C58902A0098FF24 /* Build configuration list for PBXProject "UILabel" */;
			compatibilityVersion = "Xcode 3.2";
			developmentRegion = English;
			hasScannedForEncodings = 0;
			knownRegions = (
				en,
				Base,
			);
			mainGroup = D0248AC51C58902A0098FF24;
			productRefGroup = D0248ACF1C58902A0098FF24 /* Products */;
			projectDirPath = "";
			projectRoot = "";
			targets = (
				D0248ACD1C58902A0098FF24 /* UILabel */,
				D0248AE61C58902B0098FF24 /* UILabelTests */,
				D0248AF11C58902B0098FF24 /* UILabelUITests */,
			);
		};
/* End PBXProject section */

/* Begin PBXResourcesBuildPhase section */
		D0248ACC1C58902A0098FF24 /* Resources */ = {
			isa = PBXResourcesBuildPhase;
			buildActionMask = 2147483647;
			files = (
				D0248AE11C58902B0098FF24 /* LaunchScreen.storyboard in Resources */,
				D0248ADE1C58902B0098FF24 /* Assets.xcassets in Resources */,
				D0248ADC1C58902B0098FF24 /* Main.storyboard in Resources */,
			);
			runOnlyForDeploymentPostprocessing = 0;
		};
		D0248AE51C58902B0098FF24 /* Resources */ = {
			isa = PBXResourcesBuildPhase;
			buildActionMask = 2147483647;
			files = (
			);
			runOnlyForDeploymentPostprocessing = 0;
		};
		D0248AF01C58902B0098FF24 /* Resources */ = {
			isa = PBXResourcesBuildPhase;
			buildActionMask = 2147483647;
			files = (
			);
			runOnlyForDeploymentPostprocessing = 0;
		};
/* End PBXResourcesBuildPhase section */

/* Begin PBXSourcesBuildPhase section */
		D0248ACA1C58902A0098FF24 /* Sources */ = {
			isa = PBXSourcesBuildPhase;
			buildActionMask = 2147483647;
			files = (
				D0248AD91C58902B0098FF24 /* ViewController.m in Sources */,
				D0248AD61C58902B0098FF24 /* AppDelegate.m in Sources */,
				D0248AD31C58902A0098FF24 /* main.m in Sources */,
				D0248B061C589E400098FF24 /* UILabel+UILabelAutoHeight.m in Sources */,
			);
			runOnlyForDeploymentPostprocessing = 0;
		};
		D0248AE31C58902B0098FF24 /* Sources */ = {
			isa = PBXSourcesBuildPhase;
			buildActionMask = 2147483647;
			files = (
				D0248AEC1C58902B0098FF24 /* UILabelTests.m in Sources */,
			);
			runOnlyForDeploymentPostprocessing = 0;
		};
		D0248AEE1C58902B0098FF24 /* Sources */ = {
			isa = PBXSourcesBuildPhase;
			buildActionMask = 2147483647;
			files = (
				D0248AF71C58902B0098FF24 /* UILabelUITests.m in Sources */,
			);
			runOnlyForDeploymentPostprocessing = 0;
		};
/* End PBXSourcesBuildPhase section */

/* Begin PBXTargetDependency section */
		D0248AE91C58902B0098FF24 /* PBXTargetDependency */ = {
			isa = PBXTargetDependency;
			target = D0248ACD1C58902A0098FF24 /* UILabel */;
			targetProxy = D0248AE81C58902B0098FF24 /* PBXContainerItemProxy */;
		};
		D0248AF41C58902B0098FF24 /* PBXTargetDependency */ = {
			isa = PBXTargetDependency;
			target = D0248ACD1C58902A0098FF24 /* UILabel */;
			targetProxy = D0248AF31C58902B0098FF24 /* PBXContainerItemProxy */;
		};
/* End PBXTargetDependency section */

/* Begin PBXVariantGroup section */
		D0248ADA1C58902B0098FF24 /* Main.storyboard */ = {
			isa = PBXVariantGroup;
			children = (
				D0248ADB1C58902B0098FF24 /* Base */,
			);
			name = Main.storyboard;
			sourceTree = "<group>";
		};
		D0248ADF1C58902B0098FF24 /* LaunchScreen.storyboard */ = {
			isa = PBXVariantGroup;
			children = (
				D0248AE01C58902B0098FF24 /* Base */,
			);
			name = LaunchScreen.storyboard;
			sourceTree = "<group>";
		};
/* End PBXVariantGroup section */

/* Begin XCBuildConfiguration section */
		D0248AF91C58902B0098FF24 /* Debug */ = {
			isa = XCBuildConfiguration;
			buildSettings = {
				ALWAYS_SEARCH_USER_PATHS = NO;
				CLANG_CXX_LANGUAGE_STANDARD = "gnu++0x";
				CLANG_CXX_LIBRARY = "libc++";
				CLANG_ENABLE_MODULES = YES;
				CLANG_ENABLE_OBJC_ARC = YES;
				CLANG_WARN_BOOL_CONVERSION = YES;
				CLANG_WARN_CONSTANT_CONVERSION = YES;
				CLANG_WARN_DIRECT_OBJC_ISA_USAGE = YES_ERROR;
				CLANG_WARN_EMPTY_BODY = YES;
				CLANG_WARN_ENUM_CONVERSION = YES;
				CLANG_WARN_INT_CONVERSION = YES;
				CLANG_WARN_OBJC_ROOT_CLASS = YES_ERROR;
				CLANG_WARN_UNREACHABLE_CODE = YES;
				CLANG_WARN__DUPLICATE_METHOD_MATCH = YES;
				"CODE_SIGN_IDENTITY[sdk=iphoneos*]" = "iPhone Developer";
				COPY_PHASE_STRIP = NO;
				DEBUG_INFORMATION_FORMAT = dwarf;
				ENABLE_STRICT_OBJC_MSGSEND = YES;
				ENABLE_TESTABILITY = YES;
				GCC_C_LANGUAGE_STANDARD = gnu99;
				GCC_DYNAMIC_NO_PIC = NO;
				GCC_NO_COMMON_BLOCKS = YES;
				GCC_OPTIMIZATION_LEVEL = 0;
				GCC_PREPROCESSOR_DEFINITIONS = (
					"DEBUG=1",
					"$(inherited)",
				);
				GCC_WARN_64_TO_32_BIT_CONVERSION = YES;
				GCC_WARN_ABOUT_RETURN_TYPE = YES_ERROR;
				GCC_WARN_UNDECLARED_SELECTOR = YES;
				GCC_WARN_UNINITIALIZED_AUTOS = YES_AGGRESSIVE;
				GCC_WARN_UNUSED_FUNCTION = YES;
				GCC_WARN_UNUSED_VARIABLE = YES;
				IPHONEOS_DEPLOYMENT_TARGET = 9.2;
				MTL_ENABLE_DEBUG_INFO = YES;
				ONLY_ACTIVE_ARCH = YES;
				SDKROOT = iphoneos;
			};
			name = Debug;
		};
		D0248AFA1C58902B0098FF24 /* Release */ = {
			isa = XCBuildConfiguration;
			buildSettings = {
				ALWAYS_SEARCH_USER_PATHS = NO;
				CLANG_CXX_LANGUAGE_STANDARD = "gnu++0x";
				CLANG_CXX_LIBRARY = "libc++";
				CLANG_ENABLE_MODULES = YES;
				CLANG_ENABLE_OBJC_ARC = YES;
				CLANG_WARN_BOOL_CONVERSION = YES;
				CLANG_WARN_CONSTANT_CONVERSION = YES;
				CLANG_WARN_DIRECT_OBJC_ISA_USAGE = YES_ERROR;
				CLANG_WARN_EMPTY_BODY = YES;
				CLANG_WARN_ENUM_CONVERSION = YES;
				CLANG_WARN_INT_CONVERSION = YES;
				CLANG_WARN_OBJC_ROOT_CLASS = YES_ERROR;
				CLANG_WARN_UNREACHABLE_CODE = YES;
				CLANG_WARN__DUPLICATE_METHOD_MATCH = YES;
				"CODE_SIGN_IDENTITY[sdk=iphoneos*]" = "iPhone Developer";
				COPY_PHASE_STRIP = NO;
				DEBUG_INFORMATION_FORMAT = "dwarf-with-dsym";
				ENABLE_NS_ASSERTIONS = NO;
				ENABLE_STRICT_OBJC_MSGSEND = YES;
				GCC_C_LANGUAGE_STANDARD = gnu99;
				GCC_NO_COMMON_BLOCKS = YES;
				GCC_WARN_64_TO_32_BIT_CONVERSION = YES;
				GCC_WARN_ABOUT_RETURN_TYPE = YES_ERROR;
				GCC_WARN_UNDECLARED_SELECTOR = YES;
				GCC_WARN_UNINITIALIZED_AUTOS = YES_AGGRESSIVE;
				GCC_WARN_UNUSED_FUNCTION = YES;
				GCC_WARN_UNUSED_VARIABLE = YES;
				IPHONEOS_DEPLOYMENT_TARGET = 9.2;
				MTL_ENABLE_DEBUG_INFO = NO;
				SDKROOT = iphoneos;
				VALIDATE_PRODUCT = YES;
			};
			name = Release;
		};
		D0248AFC1C58902B0098FF24 /* Debug */ = {
			isa = XCBuildConfiguration;
			buildSettings = {
				ASSETCATALOG_COMPILER_APPICON_NAME = AppIcon;
				INFOPLIST_FILE = UILabel/Info.plist;
				LD_RUNPATH_SEARCH_PATHS = "$(inherited) @executable_path/Frameworks";
				PRODUCT_BUNDLE_IDENTIFIER = com.syetc.UILabel;
				PRODUCT_NAME = "$(TARGET_NAME)";
			};
			name = Debug;
		};
		D0248AFD1C58902B0098FF24 /* Release */ = {
			isa = XCBuildConfiguration;
			buildSettings = {
				ASSETCATALOG_COMPILER_APPICON_NAME = AppIcon;
				INFOPLIST_FILE = UILabel/Info.plist;
				LD_RUNPATH_SEARCH_PATHS = "$(inherited) @executable_path/Frameworks";
				PRODUCT_BUNDLE_IDENTIFIER = com.syetc.UILabel;
				PRODUCT_NAME = "$(TARGET_NAME)";
			};
			name = Release;
		};
		D0248AFF1C58902B0098FF24 /* Debug */ = {
			isa = XCBuildConfiguration;
			buildSettings = {
				BUNDLE_LOADER = "$(TEST_HOST)";
				INFOPLIST_FILE = UILabelTests/Info.plist;
				LD_RUNPATH_SEARCH_PATHS = "$(inherited) @executable_path/Frameworks @loader_path/Frameworks";
				PRODUCT_BUNDLE_IDENTIFIER = com.syetc.UILabelTests;
				PRODUCT_NAME = "$(TARGET_NAME)";
				TEST_HOST = "$(BUILT_PRODUCTS_DIR)/UILabel.app/UILabel";
			};
			name = Debug;
		};
		D0248B001C58902B0098FF24 /* Release */ = {
			isa = XCBuildConfiguration;
			buildSettings = {
				BUNDLE_LOADER = "$(TEST_HOST)";
				INFOPLIST_FILE = UILabelTests/Info.plist;
				LD_RUNPATH_SEARCH_PATHS = "$(inherited) @executable_path/Frameworks @loader_path/Frameworks";
				PRODUCT_BUNDLE_IDENTIFIER = com.syetc.UILabelTests;
				PRODUCT_NAME = "$(TARGET_NAME)";
				TEST_HOST = "$(BUILT_PRODUCTS_DIR)/UILabel.app/UILabel";
			};
			name = Release;
		};
		D0248B021C58902B0098FF24 /* Debug */ = {
			isa = XCBuildConfiguration;
			buildSettings = {
				INFOPLIST_FILE = UILabelUITests/Info.plist;
				LD_RUNPATH_SEARCH_PATHS = "$(inherited) @executable_path/Frameworks @loader_path/Frameworks";
				PRODUCT_BUNDLE_IDENTIFIER = com.syetc.UILabelUITests;
				PRODUCT_NAME = "$(TARGET_NAME)";
				TEST_TARGET_NAME = UILabel;
				USES_XCTRUNNER = YES;
			};
			name = Debug;
		};
		D0248B031C58902B0098FF24 /* Release */ = {
			isa = XCBuildConfiguration;
			buildSettings = {
				INFOPLIST_FILE = UILabelUITests/Info.plist;
				LD_RUNPATH_SEARCH_PATHS = "$(inherited) @executable_path/Frameworks @loader_path/Frameworks";
				PRODUCT_BUNDLE_IDENTIFIER = com.syetc.UILabelUITests;
				PRODUCT_NAME = "$(TARGET_NAME)";
				TEST_TARGET_NAME = UILabel;
				USES_XCTRUNNER = YES;
			};
			name = Release;
		};
/* End XCBuildConfiguration section */

/* Begin XCConfigurationList section */
		D0248AC91C58902A0098FF24 /* Build configuration list for PBXProject "UILabel" */ = {
			isa = XCConfigurationList;
			buildConfigurations = (
				D0248AF91C58902B0098FF24 /* Debug */,
				D0248AFA1C58902B0098FF24 /* Release */,
			);
			defaultConfigurationIsVisible = 0;
			defaultConfigurationName = Release;
		};
		D0248AFB1C58902B0098FF24 /* Build configuration list for PBXNativeTarget "UILabel" */ = {
			isa = XCConfigurationList;
			buildConfigurations = (
				D0248AFC1C58902B0098FF24 /* Debug */,
				D0248AFD1C58902B0098FF24 /* Release */,
			);
			defaultConfigurationIsVisible = 0;
		};
		D0248AFE1C58902B0098FF24 /* Build configuration list for PBXNativeTarget "UILabelTests" */ = {
			isa = XCConfigurationList;
			buildConfigurations = (
				D0248AFF1C58902B0098FF24 /* Debug */,
				D0248B001C58902B0098FF24 /* Release */,
			);
			defaultConfigurationIsVisible = 0;
		};
		D0248B011C58902B0098FF24 /* Build configuration list for PBXNativeTarget "UILabelUITests" */ = {
			isa = XCConfigurationList;
			buildConfigurations = (
				D0248B021C58902B0098FF24 /* Debug */,
				D0248B031C58902B0098FF24 /* Release */,
			);
			defaultConfigurationIsVisible = 0;
		};
/* End XCConfigurationList section */
	};
	rootObject = D0248AC61C58902A0098FF24 /* Project object */;
}
